// !$*UTF8*$!
{
	archiveVersion = 1;
	classes = {
	};
	objectVersion = 50;
	objects = {

/* Begin PBXBuildFile section */
		236BCF6624D30D8E004E8AAD /* Message.swift in Sources */ = {isa = PBXBuildFile; fileRef = 236BCF6524D30D8E004E8AAD /* Message.swift */; };
		236BCF6824D31021004E8AAD /* Constants.swift in Sources */ = {isa = PBXBuildFile; fileRef = 236BCF6724D31021004E8AAD /* Constants.swift */; };
		236BCF7C24D9BBA2004E8AAD /* HomeViewController.swift in Sources */ = {isa = PBXBuildFile; fileRef = 236BCF7B24D9BBA2004E8AAD /* HomeViewController.swift */; };
		236BCF7F24D9BBCD004E8AAD /* MessageCell.swift in Sources */ = {isa = PBXBuildFile; fileRef = 236BCF7D24D9BBCD004E8AAD /* MessageCell.swift */; };
		236BCF8024D9BBCD004E8AAD /* MessageCell.xib in Resources */ = {isa = PBXBuildFile; fileRef = 236BCF7E24D9BBCD004E8AAD /* MessageCell.xib */; };
		236BCF8224E46D6E004E8AAD /* NotificationsViewController.swift in Sources */ = {isa = PBXBuildFile; fileRef = 236BCF8124E46D6D004E8AAD /* NotificationsViewController.swift */; };
		236BCF8524E47947004E8AAD /* GroupNotificationsCell.swift in Sources */ = {isa = PBXBuildFile; fileRef = 236BCF8324E47947004E8AAD /* GroupNotificationsCell.swift */; };
		236BCF8624E47947004E8AAD /* GroupNotificationsCell.xib in Resources */ = {isa = PBXBuildFile; fileRef = 236BCF8424E47947004E8AAD /* GroupNotificationsCell.xib */; };
		236BCF8824E47B32004E8AAD /* GroupNotifications.swift in Sources */ = {isa = PBXBuildFile; fileRef = 236BCF8724E47B32004E8AAD /* GroupNotifications.swift */; };
		8ECDBA3224A1C6DC00C46C5D /* AppDelegate.swift in Sources */ = {isa = PBXBuildFile; fileRef = 8ECDBA3124A1C6DC00C46C5D /* AppDelegate.swift */; };
		8ECDBA3424A1C6DC00C46C5D /* SceneDelegate.swift in Sources */ = {isa = PBXBuildFile; fileRef = 8ECDBA3324A1C6DC00C46C5D /* SceneDelegate.swift */; };
		8ECDBA3924A1C6DC00C46C5D /* Main.storyboard in Resources */ = {isa = PBXBuildFile; fileRef = 8ECDBA3724A1C6DC00C46C5D /* Main.storyboard */; };
		8ECDBA3B24A1C6DE00C46C5D /* Assets.xcassets in Resources */ = {isa = PBXBuildFile; fileRef = 8ECDBA3A24A1C6DE00C46C5D /* Assets.xcassets */; };
		8ECDBA3E24A1C6DE00C46C5D /* LaunchScreen.storyboard in Resources */ = {isa = PBXBuildFile; fileRef = 8ECDBA3C24A1C6DE00C46C5D /* LaunchScreen.storyboard */; };
/* End PBXBuildFile section */

/* Begin PBXFileReference section */
		236BCF6524D30D8E004E8AAD /* Message.swift */ = {isa = PBXFileReference; lastKnownFileType = sourcecode.swift; path = Message.swift; sourceTree = "<group>"; };
		236BCF6724D31021004E8AAD /* Constants.swift */ = {isa = PBXFileReference; lastKnownFileType = sourcecode.swift; path = Constants.swift; sourceTree = "<group>"; };
		236BCF7B24D9BBA2004E8AAD /* HomeViewController.swift */ = {isa = PBXFileReference; lastKnownFileType = sourcecode.swift; path = HomeViewController.swift; sourceTree = "<group>"; };
		236BCF7D24D9BBCD004E8AAD /* MessageCell.swift */ = {isa = PBXFileReference; lastKnownFileType = sourcecode.swift; path = MessageCell.swift; sourceTree = "<group>"; };
		236BCF7E24D9BBCD004E8AAD /* MessageCell.xib */ = {isa = PBXFileReference; lastKnownFileType = file.xib; path = MessageCell.xib; sourceTree = "<group>"; };
		236BCF8124E46D6D004E8AAD /* NotificationsViewController.swift */ = {isa = PBXFileReference; lastKnownFileType = sourcecode.swift; path = NotificationsViewController.swift; sourceTree = "<group>"; };
		236BCF8324E47947004E8AAD /* GroupNotificationsCell.swift */ = {isa = PBXFileReference; lastKnownFileType = sourcecode.swift; path = GroupNotificationsCell.swift; sourceTree = "<group>"; };
		236BCF8424E47947004E8AAD /* GroupNotificationsCell.xib */ = {isa = PBXFileReference; lastKnownFileType = file.xib; path = GroupNotificationsCell.xib; sourceTree = "<group>"; };
		236BCF8724E47B32004E8AAD /* GroupNotifications.swift */ = {isa = PBXFileReference; lastKnownFileType = sourcecode.swift; path = GroupNotifications.swift; sourceTree = "<group>"; };
		8ECDBA2E24A1C6DC00C46C5D /* SpotMe.app */ = {isa = PBXFileReference; explicitFileType = wrapper.application; includeInIndex = 0; path = SpotMe.app; sourceTree = BUILT_PRODUCTS_DIR; };
		8ECDBA3124A1C6DC00C46C5D /* AppDelegate.swift */ = {isa = PBXFileReference; lastKnownFileType = sourcecode.swift; path = AppDelegate.swift; sourceTree = "<group>"; };
		8ECDBA3324A1C6DC00C46C5D /* SceneDelegate.swift */ = {isa = PBXFileReference; lastKnownFileType = sourcecode.swift; path = SceneDelegate.swift; sourceTree = "<group>"; };
		8ECDBA3824A1C6DC00C46C5D /* Base */ = {isa = PBXFileReference; lastKnownFileType = file.storyboard; name = Base; path = Base.lproj/Main.storyboard; sourceTree = "<group>"; };
		8ECDBA3A24A1C6DE00C46C5D /* Assets.xcassets */ = {isa = PBXFileReference; lastKnownFileType = folder.assetcatalog; path = Assets.xcassets; sourceTree = "<group>"; };
		8ECDBA3D24A1C6DE00C46C5D /* Base */ = {isa = PBXFileReference; lastKnownFileType = file.storyboard; name = Base; path = Base.lproj/LaunchScreen.storyboard; sourceTree = "<group>"; };
		8ECDBA3F24A1C6DE00C46C5D /* Info.plist */ = {isa = PBXFileReference; lastKnownFileType = text.plist.xml; path = Info.plist; sourceTree = "<group>"; };
/* End PBXFileReference section */

/* Begin PBXFrameworksBuildPhase section */
		8ECDBA2B24A1C6DC00C46C5D /* Frameworks */ = {
			isa = PBXFrameworksBuildPhase;
			buildActionMask = 2147483647;
			files = (
			);
			runOnlyForDeploymentPostprocessing = 0;
		};
/* End PBXFrameworksBuildPhase section */

/* Begin PBXGroup section */
		236BCF6D24D3145B004E8AAD /* Views */ = {
			isa = PBXGroup;
			children = (
				8ECDBA3724A1C6DC00C46C5D /* Main.storyboard */,
				8ECDBA3C24A1C6DE00C46C5D /* LaunchScreen.storyboard */,
				236BCF7D24D9BBCD004E8AAD /* MessageCell.swift */,
				236BCF7E24D9BBCD004E8AAD /* MessageCell.xib */,
				236BCF8324E47947004E8AAD /* GroupNotificationsCell.swift */,
				236BCF8424E47947004E8AAD /* GroupNotificationsCell.xib */,
			);
			path = Views;
			sourceTree = "<group>";
		};
		236BCF6E24D31470004E8AAD /* Controllers */ = {
			isa = PBXGroup;
			children = (
				236BCF7B24D9BBA2004E8AAD /* HomeViewController.swift */,
				236BCF8124E46D6D004E8AAD /* NotificationsViewController.swift */,
			);
			path = Controllers;
			sourceTree = "<group>";
		};
		236BCF7024D3149C004E8AAD /* Models */ = {
			isa = PBXGroup;
			children = (
				236BCF6524D30D8E004E8AAD /* Message.swift */,
				236BCF8724E47B32004E8AAD /* GroupNotifications.swift */,
			);
			path = Models;
			sourceTree = "<group>";
		};
		8ECDBA2524A1C6DC00C46C5D = {
			isa = PBXGroup;
			children = (
				8ECDBA3024A1C6DC00C46C5D /* SpotMe */,
				8ECDBA2F24A1C6DC00C46C5D /* Products */,
			);
			sourceTree = "<group>";
		};
		8ECDBA2F24A1C6DC00C46C5D /* Products */ = {
			isa = PBXGroup;
			children = (
				8ECDBA2E24A1C6DC00C46C5D /* SpotMe.app */,
			);
			name = Products;
			sourceTree = "<group>";
		};
		8ECDBA3024A1C6DC00C46C5D /* SpotMe */ = {
			isa = PBXGroup;
			children = (
				8ECDBA3124A1C6DC00C46C5D /* AppDelegate.swift */,
				8ECDBA3324A1C6DC00C46C5D /* SceneDelegate.swift */,
				236BCF6D24D3145B004E8AAD /* Views */,
				236BCF6E24D31470004E8AAD /* Controllers */,
				236BCF7024D3149C004E8AAD /* Models */,
				8ECDBA3A24A1C6DE00C46C5D /* Assets.xcassets */,
				8ECDBA3F24A1C6DE00C46C5D /* Info.plist */,
				236BCF6724D31021004E8AAD /* Constants.swift */,
			);
			path = SpotMe;
			sourceTree = "<group>";
		};
/* End PBXGroup section */

/* Begin PBXNativeTarget section */
		8ECDBA2D24A1C6DC00C46C5D /* SpotMe */ = {
			isa = PBXNativeTarget;
			buildConfigurationList = 8ECDBA4224A1C6DE00C46C5D /* Build configuration list for PBXNativeTarget "SpotMe" */;
			buildPhases = (
				8ECDBA2A24A1C6DC00C46C5D /* Sources */,
				8ECDBA2B24A1C6DC00C46C5D /* Frameworks */,
				8ECDBA2C24A1C6DC00C46C5D /* Resources */,
			);
			buildRules = (
			);
			dependencies = (
			);
			name = SpotMe;
			productName = SpotMe;
			productReference = 8ECDBA2E24A1C6DC00C46C5D /* SpotMe.app */;
			productType = "com.apple.product-type.application";
		};
/* End PBXNativeTarget section */

/* Begin PBXProject section */
		8ECDBA2624A1C6DC00C46C5D /* Project object */ = {
			isa = PBXProject;
			attributes = {
				LastSwiftUpdateCheck = 1150;
				LastUpgradeCheck = 1150;
				ORGANIZATIONNAME = "Riley Griffith";
				TargetAttributes = {
					8ECDBA2D24A1C6DC00C46C5D = {
						CreatedOnToolsVersion = 11.5;
					};
				};
			};
			buildConfigurationList = 8ECDBA2924A1C6DC00C46C5D /* Build configuration list for PBXProject "SpotMe" */;
			compatibilityVersion = "Xcode 9.3";
			developmentRegion = en;
			hasScannedForEncodings = 0;
			knownRegions = (
				en,
				Base,
			);
			mainGroup = 8ECDBA2524A1C6DC00C46C5D;
			productRefGroup = 8ECDBA2F24A1C6DC00C46C5D /* Products */;
			projectDirPath = "";
			projectRoot = "";
			targets = (
				8ECDBA2D24A1C6DC00C46C5D /* SpotMe */,
			);
		};
/* End PBXProject section */

/* Begin PBXResourcesBuildPhase section */
		8ECDBA2C24A1C6DC00C46C5D /* Resources */ = {
			isa = PBXResourcesBuildPhase;
			buildActionMask = 2147483647;
			files = (
				236BCF8624E47947004E8AAD /* GroupNotificationsCell.xib in Resources */,
				8ECDBA3E24A1C6DE00C46C5D /* LaunchScreen.storyboard in Resources */,
				236BCF8024D9BBCD004E8AAD /* MessageCell.xib in Resources */,
				8ECDBA3B24A1C6DE00C46C5D /* Assets.xcassets in Resources */,
				8ECDBA3924A1C6DC00C46C5D /* Main.storyboard in Resources */,
			);
			runOnlyForDeploymentPostprocessing = 0;
		};
/* End PBXResourcesBuildPhase section */

/* Begin PBXSourcesBuildPhase section */
		8ECDBA2A24A1C6DC00C46C5D /* Sources */ = {
			isa = PBXSourcesBuildPhase;
			buildActionMask = 2147483647;
			files = (
				236BCF7C24D9BBA2004E8AAD /* HomeViewController.swift in Sources */,
				236BCF8824E47B32004E8AAD /* GroupNotifications.swift in Sources */,
				236BCF6624D30D8E004E8AAD /* Message.swift in Sources */,
				8ECDBA3224A1C6DC00C46C5D /* AppDelegate.swift in Sources */,
				8ECDBA3424A1C6DC00C46C5D /* SceneDelegate.swift in Sources */,
				236BCF6824D31021004E8AAD /* Constants.swift in Sources */,
				236BCF8224E46D6E004E8AAD /* NotificationsViewController.swift in Sources */,
				236BCF8524E47947004E8AAD /* GroupNotificationsCell.swift in Sources */,
				236BCF7F24D9BBCD004E8AAD /* MessageCell.swift in Sources */,
			);
			runOnlyForDeploymentPostprocessing = 0;
		};
/* End PBXSourcesBuildPhase section */

/* Begin PBXVariantGroup section */
		8ECDBA3724A1C6DC00C46C5D /* Main.storyboard */ = {
			isa = PBXVariantGroup;
			children = (
				8ECDBA3824A1C6DC00C46C5D /* Base */,
			);
			name = Main.storyboard;
			sourceTree = "<group>";
		};
		8ECDBA3C24A1C6DE00C46C5D /* LaunchScreen.storyboard */ = {
			isa = PBXVariantGroup;
			children = (
				8ECDBA3D24A1C6DE00C46C5D /* Base */,
			);
			name = LaunchScreen.storyboard;
			sourceTree = "<group>";
		};
/* End PBXVariantGroup section */

/* Begin XCBuildConfiguration section */
		8ECDBA4024A1C6DE00C46C5D /* Debug */ = {
			isa = XCBuildConfiguration;
			buildSettings = {
				ALWAYS_SEARCH_USER_PATHS = NO;
				CLANG_ANALYZER_NONNULL = YES;
				CLANG_ANALYZER_NUMBER_OBJECT_CONVERSION = YES_AGGRESSIVE;
				CLANG_CXX_LANGUAGE_STANDARD = "gnu++14";
				CLANG_CXX_LIBRARY = "libc++";
				CLANG_ENABLE_MODULES = YES;
				CLANG_ENABLE_OBJC_ARC = YES;
				CLANG_ENABLE_OBJC_WEAK = YES;
				CLANG_WARN_BLOCK_CAPTURE_AUTORELEASING = YES;
				CLANG_WARN_BOOL_CONVERSION = YES;
				CLANG_WARN_COMMA = YES;
				CLANG_WARN_CONSTANT_CONVERSION = YES;
				CLANG_WARN_DEPRECATED_OBJC_IMPLEMENTATIONS = YES;
				CLANG_WARN_DIRECT_OBJC_ISA_USAGE = YES_ERROR;
				CLANG_WARN_DOCUMENTATION_COMMENTS = YES;
				CLANG_WARN_EMPTY_BODY = YES;
				CLANG_WARN_ENUM_CONVERSION = YES;
				CLANG_WARN_INFINITE_RECURSION = YES;
				CLANG_WARN_INT_CONVERSION = YES;
				CLANG_WARN_NON_LITERAL_NULL_CONVERSION = YES;
				CLANG_WARN_OBJC_IMPLICIT_RETAIN_SELF = YES;
				CLANG_WARN_OBJC_LITERAL_CONVERSION = YES;
				CLANG_WARN_OBJC_ROOT_CLASS = YES_ERROR;
				CLANG_WARN_RANGE_LOOP_ANALYSIS = YES;
				CLANG_WARN_STRICT_PROTOTYPES = YES;
				CLANG_WARN_SUSPICIOUS_MOVE = YES;
				CLANG_WARN_UNGUARDED_AVAILABILITY = YES_AGGRESSIVE;
				CLANG_WARN_UNREACHABLE_CODE = YES;
				CLANG_WARN__DUPLICATE_METHOD_MATCH = YES;
				COPY_PHASE_STRIP = NO;
				DEBUG_INFORMATION_FORMAT = dwarf;
				ENABLE_STRICT_OBJC_MSGSEND = YES;
				ENABLE_TESTABILITY = YES;
				GCC_C_LANGUAGE_STANDARD = gnu11;
				GCC_DYNAMIC_NO_PIC = NO;
				GCC_NO_COMMON_BLOCKS = YES;
				GCC_OPTIMIZATION_LEVEL = 0;
				GCC_PREPROCESSOR_DEFINITIONS = (
					"DEBUG=1",
					"$(inherited)",
				);
				GCC_WARN_64_TO_32_BIT_CONVERSION = YES;
				GCC_WARN_ABOUT_RETURN_TYPE = YES_ERROR;
				GCC_WARN_UNDECLARED_SELECTOR = YES;
				GCC_WARN_UNINITIALIZED_AUTOS = YES_AGGRESSIVE;
				GCC_WARN_UNUSED_FUNCTION = YES;
				GCC_WARN_UNUSED_VARIABLE = YES;
				IPHONEOS_DEPLOYMENT_TARGET = 13.5;
				MTL_ENABLE_DEBUG_INFO = INCLUDE_SOURCE;
				MTL_FAST_MATH = YES;
				ONLY_ACTIVE_ARCH = YES;
				SDKROOT = iphoneos;
				SWIFT_ACTIVE_COMPILATION_CONDITIONS = DEBUG;
				SWIFT_OPTIMIZATION_LEVEL = "-Onone";
			};
			name = Debug;
		};
		8ECDBA4124A1C6DE00C46C5D /* Release */ = {
			isa = XCBuildConfiguration;
			buildSettings = {
				ALWAYS_SEARCH_USER_PATHS = NO;
				CLANG_ANALYZER_NONNULL = YES;
				CLANG_ANALYZER_NUMBER_OBJECT_CONVERSION = YES_AGGRESSIVE;
				CLANG_CXX_LANGUAGE_STANDARD = "gnu++14";
				CLANG_CXX_LIBRARY = "libc++";
				CLANG_ENABLE_MODULES = YES;
				CLANG_ENABLE_OBJC_ARC = YES;
				CLANG_ENABLE_OBJC_WEAK = YES;
				CLANG_WARN_BLOCK_CAPTURE_AUTORELEASING = YES;
				CLANG_WARN_BOOL_CONVERSION = YES;
				CLANG_WARN_COMMA = YES;
				CLANG_WARN_CONSTANT_CONVERSION = YES;
				CLANG_WARN_DEPRECATED_OBJC_IMPLEMENTATIONS = YES;
				CLANG_WARN_DIRECT_OBJC_ISA_USAGE = YES_ERROR;
				CLANG_WARN_DOCUMENTATION_COMMENTS = YES;
				CLANG_WARN_EMPTY_BODY = YES;
				CLANG_WARN_ENUM_CONVERSION = YES;
				CLANG_WARN_INFINITE_RECURSION = YES;
				CLANG_WARN_INT_CONVERSION = YES;
				CLANG_WARN_NON_LITERAL_NULL_CONVERSION = YES;
				CLANG_WARN_OBJC_IMPLICIT_RETAIN_SELF = YES;
				CLANG_WARN_OBJC_LITERAL_CONVERSION = YES;
				CLANG_WARN_OBJC_ROOT_CLASS = YES_ERROR;
				CLANG_WARN_RANGE_LOOP_ANALYSIS = YES;
				CLANG_WARN_STRICT_PROTOTYPES = YES;
				CLANG_WARN_SUSPICIOUS_MOVE = YES;
				CLANG_WARN_UNGUARDED_AVAILABILITY = YES_AGGRESSIVE;
				CLANG_WARN_UNREACHABLE_CODE = YES;
				CLANG_WARN__DUPLICATE_METHOD_MATCH = YES;
				COPY_PHASE_STRIP = NO;
				DEBUG_INFORMATION_FORMAT = "dwarf-with-dsym";
				ENABLE_NS_ASSERTIONS = NO;
				ENABLE_STRICT_OBJC_MSGSEND = YES;
				GCC_C_LANGUAGE_STANDARD = gnu11;
				GCC_NO_COMMON_BLOCKS = YES;
				GCC_WARN_64_TO_32_BIT_CONVERSION = YES;
				GCC_WARN_ABOUT_RETURN_TYPE = YES_ERROR;
				GCC_WARN_UNDECLARED_SELECTOR = YES;
				GCC_WARN_UNINITIALIZED_AUTOS = YES_AGGRESSIVE;
				GCC_WARN_UNUSED_FUNCTION = YES;
				GCC_WARN_UNUSED_VARIABLE = YES;
				IPHONEOS_DEPLOYMENT_TARGET = 13.5;
				MTL_ENABLE_DEBUG_INFO = NO;
				MTL_FAST_MATH = YES;
				SDKROOT = iphoneos;
				SWIFT_COMPILATION_MODE = wholemodule;
				SWIFT_OPTIMIZATION_LEVEL = "-O";
				VALIDATE_PRODUCT = YES;
			};
			name = Release;
		};
		8ECDBA4324A1C6DE00C46C5D /* Debug */ = {
			isa = XCBuildConfiguration;
			buildSettings = {
				ASSETCATALOG_COMPILER_APPICON_NAME = AppIcon;
				CODE_SIGN_STYLE = Automatic;
				DEVELOPMENT_TEAM = 8K4R4UL4L9;
				INFOPLIST_FILE = SpotMe/Info.plist;
				LD_RUNPATH_SEARCH_PATHS = (
					"$(inherited)",
					"@executable_path/Frameworks",
				);
				PRODUCT_BUNDLE_IDENTIFIER = com.rileygriffith.SpotMe;
				PRODUCT_NAME = "$(TARGET_NAME)";
				SWIFT_VERSION = 5.0;
				TARGETED_DEVICE_FAMILY = "1,2";
			};
			name = Debug;
		};
		8ECDBA4424A1C6DE00C46C5D /* Release */ = {
			isa = XCBuildConfiguration;
			buildSettings = {
				ASSETCATALOG_COMPILER_APPICON_NAME = AppIcon;
				CODE_SIGN_STYLE = Automatic;
				DEVELOPMENT_TEAM = 8K4R4UL4L9;
				INFOPLIST_FILE = SpotMe/Info.plist;
				LD_RUNPATH_SEARCH_PATHS = (
					"$(inherited)",
					"@executable_path/Frameworks",
				);
				PRODUCT_BUNDLE_IDENTIFIER = com.rileygriffith.SpotMe;
				PRODUCT_NAME = "$(TARGET_NAME)";
				SWIFT_VERSION = 5.0;
				TARGETED_DEVICE_FAMILY = "1,2";
			};
			name = Release;
		};
/* End XCBuildConfiguration section */

/* Begin XCConfigurationList section */
		8ECDBA2924A1C6DC00C46C5D /* Build configuration list for PBXProject "SpotMe" */ = {
			isa = XCConfigurationList;
			buildConfigurations = (
				8ECDBA4024A1C6DE00C46C5D /* Debug */,
				8ECDBA4124A1C6DE00C46C5D /* Release */,
			);
			defaultConfigurationIsVisible = 0;
			defaultConfigurationName = Release;
		};
		8ECDBA4224A1C6DE00C46C5D /* Build configuration list for PBXNativeTarget "SpotMe" */ = {
			isa = XCConfigurationList;
			buildConfigurations = (
				8ECDBA4324A1C6DE00C46C5D /* Debug */,
				8ECDBA4424A1C6DE00C46C5D /* Release */,
			);
			defaultConfigurationIsVisible = 0;
			defaultConfigurationName = Release;
		};
/* End XCConfigurationList section */
	};
	rootObject = 8ECDBA2624A1C6DC00C46C5D /* Project object */;
}
